hash: 510a136f5f171a77b70f6e0adbc8dfb42b24fad1aa4bdd27560d6f071635a698
updated: 2018-07-02T17:12:10.506723451+08:00
imports:
- name: github.com/buger/jsonparser
  version: 2cac668e8456b4284edb0715e17e2af02d3ec993
- name: github.com/iEricKoh/httpClient
  version: 1d3aeb41c996e30e769c7090fe415e48437a69ba
testImports: []
